
Microsoft Visual Studio Solution File, Format Version 12.00
# Visual Studio 2013
VisualStudioVersion = 12.0.21005.1
MinimumVisualStudioVersion = 10.0.40219.1
Project("{FAE04EC0-301F-11D3-BF4B-00C04F79EFBC}") = "GossipNet", "GossipNet\GossipNet.csproj", "{0CFDF11E-0DD7-4A8E-BD82-95A3B9057A55}"
EndProject
Project("{2150E333-8FDC-42A3-9474-1A3956D46DE8}") = "Files", "Files", "{6C155EE4-63F7-4807-9AA6-A77CE5CC6891}"
	ProjectSection(SolutionItems) = preProject
		..\CONTRIBUTING.md = ..\CONTRIBUTING.md
		..\README.md = ..\README.md
	EndProjectSection
EndProject
Project("{FAE04EC0-301F-11D3-BF4B-00C04F79EFBC}") = "GossipNet.Tests", "GossipNet.Tests\GossipNet.Tests.csproj", "{096856FB-2384-4BD3-A3A9-8B0EBF1EFF76}"
EndProject
Project("{FAE04EC0-301F-11D3-BF4B-00C04F79EFBC}") = "GossipNet.Console", "GossipNet.Console\GossipNet.Console.csproj", "{C465D966-ED4F-41D1-AECF-D353ED48B35F}"
EndProject
Global
	GlobalSection(SolutionConfigurationPlatforms) = preSolution
		Debug|Any CPU = Debug|Any CPU
		Release|Any CPU = Release|Any CPU
	EndGlobalSection
	GlobalSection(ProjectConfigurationPlatforms) = postSolution
		{0CFDF11E-0DD7-4A8E-BD82-95A3B9057A55}.Debug|Any CPU.ActiveCfg = Debug|Any CPU
		{0CFDF11E-0DD7-4A8E-BD82-95A3B9057A55}.Debug|Any CPU.Build.0 = Debug|Any CPU
		{0CFDF11E-0DD7-4A8E-BD82-95A3B9057A55}.Release|Any CPU.ActiveCfg = Release|Any CPU
		{0CFDF11E-0DD7-4A8E-BD82-95A3B9057A55}.Release|Any CPU.Build.0 = Release|Any CPU
		{096856FB-2384-4BD3-A3A9-8B0EBF1EFF76}.Debug|Any CPU.ActiveCfg = Debug|Any CPU
		{096856FB-2384-4BD3-A3A9-8B0EBF1EFF76}.Debug|Any CPU.Build.0 = Debug|Any CPU
		{096856FB-2384-4BD3-A3A9-8B0EBF1EFF76}.Release|Any CPU.ActiveCfg = Release|Any CPU
		{096856FB-2384-4BD3-A3A9-8B0EBF1EFF76}.Release|Any CPU.Build.0 = Release|Any CPU
		{C465D966-ED4F-41D1-AECF-D353ED48B35F}.Debug|Any CPU.ActiveCfg = Debug|Any CPU
		{C465D966-ED4F-41D1-AECF-D353ED48B35F}.Debug|Any CPU.Build.0 = Debug|Any CPU
		{C465D966-ED4F-41D1-AECF-D353ED48B35F}.Release|Any CPU.ActiveCfg = Release|Any CPU
		{C465D966-ED4F-41D1-AECF-D353ED48B35F}.Release|Any CPU.Build.0 = Release|Any CPU
	EndGlobalSection
	GlobalSection(SolutionProperties) = preSolution
		HideSolutionNode = FALSE
	EndGlobalSection
EndGlobal
